{
  "name": "ton-hello",
  "version": "1.0.0",
  "lockfileVersion": 1,
  "requires": true,
  "dependencies": {
    "@tonclient/core": {
      "version": "1.6.3",
      "resolved": "https://registry.npmjs.org/@tonclient/core/-/core-1.6.3.tgz",
      "integrity": "sha512-/ACqO9/YquHGyKU+xOSl3BMQJLcM0wDv6FMBDaS1V2Gvz98ZOplxoYEiUrwjvpS7miuAcaHxa5Eh+3U4COy70w=="
    }
  }
}
